// !$*UTF8*$!
{
	archiveVersion = 1;
	classes = {
	};
	objectVersion = 77;
	objects = {

/* Begin PBXBuildFile section */
		E1295AF02DB31A19007AC62A /* SwiftUIIntrospect in Frameworks */ = {isa = PBXBuildFile; productRef = E1295AEF2DB31A19007AC62A /* SwiftUIIntrospect */; };
		E1D17CFA2D5BA7980098FD40 /* FirebaseAnalyticsWithoutAdIdSupport in Frameworks */ = {isa = PBXBuildFile; productRef = E1D17CF92D5BA7980098FD40 /* FirebaseAnalyticsWithoutAdIdSupport */; };
		E1D17CFC2D5BA7980098FD40 /* FirebaseAuth in Frameworks */ = {isa = PBXBuildFile; productRef = E1D17CFB2D5BA7980098FD40 /* FirebaseAuth */; };
		E1D17CFE2D5BA7980098FD40 /* FirebaseFirestore in Frameworks */ = {isa = PBXBuildFile; productRef = E1D17CFD2D5BA7980098FD40 /* FirebaseFirestore */; };
		E1D17D002D5BA7980098FD40 /* FirebaseStorage in Frameworks */ = {isa = PBXBuildFile; productRef = E1D17CFF2D5BA7980098FD40 /* FirebaseStorage */; };
/* End PBXBuildFile section */

/* Begin PBXContainerItemProxy section */
		E127D8412D4FEF1800903B79 /* PBXContainerItemProxy */ = {
			isa = PBXContainerItemProxy;
			containerPortal = E127D8282D4FEF1400903B79 /* Project object */;
			proxyType = 1;
			remoteGlobalIDString = E127D82F2D4FEF1500903B79;
			remoteInfo = "fasting tracker test";
		};
		E127D84B2D4FEF1800903B79 /* PBXContainerItemProxy */ = {
			isa = PBXContainerItemProxy;
			containerPortal = E127D8282D4FEF1400903B79 /* Project object */;
			proxyType = 1;
			remoteGlobalIDString = E127D82F2D4FEF1500903B79;
			remoteInfo = "fasting tracker test";
		};
/* End PBXContainerItemProxy section */

/* Begin PBXFileReference section */
		E127D8302D4FEF1500903B79 /* FastHabbit.app */ = {isa = PBXFileReference; explicitFileType = wrapper.application; includeInIndex = 0; path = FastHabbit.app; sourceTree = BUILT_PRODUCTS_DIR; };
		E127D8402D4FEF1800903B79 /* FastHabbitTests.xctest */ = {isa = PBXFileReference; explicitFileType = wrapper.cfbundle; includeInIndex = 0; path = FastHabbitTests.xctest; sourceTree = BUILT_PRODUCTS_DIR; };
		E127D84A2D4FEF1800903B79 /* FastHabbitUITests.xctest */ = {isa = PBXFileReference; explicitFileType = wrapper.cfbundle; includeInIndex = 0; path = FastHabbitUITests.xctest; sourceTree = BUILT_PRODUCTS_DIR; };
/* End PBXFileReference section */

/* Begin PBXFileSystemSynchronizedRootGroup section */
		E127D8322D4FEF1500903B79 /* fasting tracker test */ = {
			isa = PBXFileSystemSynchronizedRootGroup;
			path = "fasting tracker test";
			sourceTree = "<group>";
		};
		E127D8432D4FEF1800903B79 /* fasting tracker testTests */ = {
			isa = PBXFileSystemSynchronizedRootGroup;
			path = "fasting tracker testTests";
			sourceTree = "<group>";
		};
		E127D84D2D4FEF1800903B79 /* fasting tracker testUITests */ = {
			isa = PBXFileSystemSynchronizedRootGroup;
			path = "fasting tracker testUITests";
			sourceTree = "<group>";
		};
/* End PBXFileSystemSynchronizedRootGroup section */

/* Begin PBXFrameworksBuildPhase section */
		E127D82D2D4FEF1500903B79 /* Frameworks */ = {
			isa = PBXFrameworksBuildPhase;
			buildActionMask = 2147483647;
			files = (
				E1D17CFA2D5BA7980098FD40 /* FirebaseAnalyticsWithoutAdIdSupport in Frameworks */,
				E1D17D002D5BA7980098FD40 /* FirebaseStorage in Frameworks */,
				E1D17CFC2D5BA7980098FD40 /* FirebaseAuth in Frameworks */,
				E1295AF02DB31A19007AC62A /* SwiftUIIntrospect in Frameworks */,
				E1D17CFE2D5BA7980098FD40 /* FirebaseFirestore in Frameworks */,
			);
			runOnlyForDeploymentPostprocessing = 0;
		};
		E127D83D2D4FEF1800903B79 /* Frameworks */ = {
			isa = PBXFrameworksBuildPhase;
			buildActionMask = 2147483647;
			files = (
			);
			runOnlyForDeploymentPostprocessing = 0;
		};
		E127D8472D4FEF1800903B79 /* Frameworks */ = {
			isa = PBXFrameworksBuildPhase;
			buildActionMask = 2147483647;
			files = (
			);
			runOnlyForDeploymentPostprocessing = 0;
		};
/* End PBXFrameworksBuildPhase section */

/* Begin PBXGroup section */
		E127D8272D4FEF1400903B79 = {
			isa = PBXGroup;
			children = (
				E127D8322D4FEF1500903B79 /* fasting tracker test */,
				E127D8432D4FEF1800903B79 /* fasting tracker testTests */,
				E127D84D2D4FEF1800903B79 /* fasting tracker testUITests */,
				E127D8312D4FEF1500903B79 /* Products */,
			);
			sourceTree = "<group>";
		};
		E127D8312D4FEF1500903B79 /* Products */ = {
			isa = PBXGroup;
			children = (
				E127D8302D4FEF1500903B79 /* FastHabbit.app */,
				E127D8402D4FEF1800903B79 /* FastHabbitTests.xctest */,
				E127D84A2D4FEF1800903B79 /* FastHabbitUITests.xctest */,
			);
			name = Products;
			sourceTree = "<group>";
		};
/* End PBXGroup section */

/* Begin PBXNativeTarget section */
		E127D82F2D4FEF1500903B79 /* FastHabbit */ = {
			isa = PBXNativeTarget;
			buildConfigurationList = E127D8542D4FEF1800903B79 /* Build configuration list for PBXNativeTarget "FastHabbit" */;
			buildPhases = (
				E127D82C2D4FEF1500903B79 /* Sources */,
				E127D82D2D4FEF1500903B79 /* Frameworks */,
				E127D82E2D4FEF1500903B79 /* Resources */,
			);
			buildRules = (
			);
			dependencies = (
			);
			fileSystemSynchronizedGroups = (
				E127D8322D4FEF1500903B79 /* fasting tracker test */,
			);
			name = FastHabbit;
			packageProductDependencies = (
				E1D17CF92D5BA7980098FD40 /* FirebaseAnalyticsWithoutAdIdSupport */,
				E1D17CFB2D5BA7980098FD40 /* FirebaseAuth */,
				E1D17CFD2D5BA7980098FD40 /* FirebaseFirestore */,
				E1D17CFF2D5BA7980098FD40 /* FirebaseStorage */,
				E1295AEF2DB31A19007AC62A /* SwiftUIIntrospect */,
			);
			productName = "fasting tracker test";
			productReference = E127D8302D4FEF1500903B79 /* FastHabbit.app */;
			productType = "com.apple.product-type.application";
		};
		E127D83F2D4FEF1800903B79 /* FastHabbitTests */ = {
			isa = PBXNativeTarget;
			buildConfigurationList = E127D8572D4FEF1800903B79 /* Build configuration list for PBXNativeTarget "FastHabbitTests" */;
			buildPhases = (
				E127D83C2D4FEF1800903B79 /* Sources */,
				E127D83D2D4FEF1800903B79 /* Frameworks */,
				E127D83E2D4FEF1800903B79 /* Resources */,
			);
			buildRules = (
			);
			dependencies = (
				E127D8422D4FEF1800903B79 /* PBXTargetDependency */,
			);
			fileSystemSynchronizedGroups = (
				E127D8432D4FEF1800903B79 /* fasting tracker testTests */,
			);
			name = FastHabbitTests;
			packageProductDependencies = (
			);
			productName = "fasting tracker testTests";
			productReference = E127D8402D4FEF1800903B79 /* FastHabbitTests.xctest */;
			productType = "com.apple.product-type.bundle.unit-test";
		};
		E127D8492D4FEF1800903B79 /* FastHabbitUITests */ = {
			isa = PBXNativeTarget;
			buildConfigurationList = E127D85A2D4FEF1800903B79 /* Build configuration list for PBXNativeTarget "FastHabbitUITests" */;
			buildPhases = (
				E127D8462D4FEF1800903B79 /* Sources */,
				E127D8472D4FEF1800903B79 /* Frameworks */,
				E127D8482D4FEF1800903B79 /* Resources */,
			);
			buildRules = (
			);
			dependencies = (
				E127D84C2D4FEF1800903B79 /* PBXTargetDependency */,
			);
			fileSystemSynchronizedGroups = (
				E127D84D2D4FEF1800903B79 /* fasting tracker testUITests */,
			);
			name = FastHabbitUITests;
			packageProductDependencies = (
			);
			productName = "fasting tracker testUITests";
			productReference = E127D84A2D4FEF1800903B79 /* FastHabbitUITests.xctest */;
			productType = "com.apple.product-type.bundle.ui-testing";
		};
/* End PBXNativeTarget section */

/* Begin PBXProject section */
		E127D8282D4FEF1400903B79 /* Project object */ = {
			isa = PBXProject;
			attributes = {
				BuildIndependentTargetsInParallel = 1;
				LastSwiftUpdateCheck = 1620;
				LastUpgradeCheck = 1620;
				TargetAttributes = {
					E127D82F2D4FEF1500903B79 = {
						CreatedOnToolsVersion = 16.2;
					};
					E127D83F2D4FEF1800903B79 = {
						CreatedOnToolsVersion = 16.2;
						TestTargetID = E127D82F2D4FEF1500903B79;
					};
					E127D8492D4FEF1800903B79 = {
						CreatedOnToolsVersion = 16.2;
						TestTargetID = E127D82F2D4FEF1500903B79;
					};
				};
			};
			buildConfigurationList = E127D82B2D4FEF1500903B79 /* Build configuration list for PBXProject "FastHabbit" */;
			developmentRegion = en;
			hasScannedForEncodings = 0;
			knownRegions = (
				en,
				Base,
			);
			mainGroup = E127D8272D4FEF1400903B79;
			minimizedProjectReferenceProxies = 1;
			packageReferences = (
				E1D17CF82D5BA7980098FD40 /* XCRemoteSwiftPackageReference "firebase-ios-sdk" */,
				E1295AEE2DB31A19007AC62A /* XCRemoteSwiftPackageReference "swiftui-introspect" */,
			);
			preferredProjectObjectVersion = 77;
			productRefGroup = E127D8312D4FEF1500903B79 /* Products */;
			projectDirPath = "";
			projectRoot = "";
			targets = (
				E127D82F2D4FEF1500903B79 /* FastHabbit */,
				E127D83F2D4FEF1800903B79 /* FastHabbitTests */,
				E127D8492D4FEF1800903B79 /* FastHabbitUITests */,
			);
		};
/* End PBXProject section */

/* Begin PBXResourcesBuildPhase section */
		E127D82E2D4FEF1500903B79 /* Resources */ = {
			isa = PBXResourcesBuildPhase;
			buildActionMask = 2147483647;
			files = (
			);
			runOnlyForDeploymentPostprocessing = 0;
		};
		E127D83E2D4FEF1800903B79 /* Resources */ = {
			isa = PBXResourcesBuildPhase;
			buildActionMask = 2147483647;
			files = (
			);
			runOnlyForDeploymentPostprocessing = 0;
		};
		E127D8482D4FEF1800903B79 /* Resources */ = {
			isa = PBXResourcesBuildPhase;
			buildActionMask = 2147483647;
			files = (
			);
			runOnlyForDeploymentPostprocessing = 0;
		};
/* End PBXResourcesBuildPhase section */

/* Begin PBXSourcesBuildPhase section */
		E127D82C2D4FEF1500903B79 /* Sources */ = {
			isa = PBXSourcesBuildPhase;
			buildActionMask = 2147483647;
			files = (
			);
			runOnlyForDeploymentPostprocessing = 0;
		};
		E127D83C2D4FEF1800903B79 /* Sources */ = {
			isa = PBXSourcesBuildPhase;
			buildActionMask = 2147483647;
			files = (
			);
			runOnlyForDeploymentPostprocessing = 0;
		};
		E127D8462D4FEF1800903B79 /* Sources */ = {
			isa = PBXSourcesBuildPhase;
			buildActionMask = 2147483647;
			files = (
			);
			runOnlyForDeploymentPostprocessing = 0;
		};
/* End PBXSourcesBuildPhase section */

/* Begin PBXTargetDependency section */
		E127D8422D4FEF1800903B79 /* PBXTargetDependency */ = {
			isa = PBXTargetDependency;
			target = E127D82F2D4FEF1500903B79 /* FastHabbit */;
			targetProxy = E127D8412D4FEF1800903B79 /* PBXContainerItemProxy */;
		};
		E127D84C2D4FEF1800903B79 /* PBXTargetDependency */ = {
			isa = PBXTargetDependency;
			target = E127D82F2D4FEF1500903B79 /* FastHabbit */;
			targetProxy = E127D84B2D4FEF1800903B79 /* PBXContainerItemProxy */;
		};
/* End PBXTargetDependency section */

/* Begin XCBuildConfiguration section */
		E127D8522D4FEF1800903B79 /* Debug */ = {
			isa = XCBuildConfiguration;
			buildSettings = {
				ALWAYS_SEARCH_USER_PATHS = NO;
				ASSETCATALOG_COMPILER_GENERATE_SWIFT_ASSET_SYMBOL_EXTENSIONS = YES;
				CLANG_ANALYZER_NONNULL = YES;
				CLANG_ANALYZER_NUMBER_OBJECT_CONVERSION = YES_AGGRESSIVE;
				CLANG_CXX_LANGUAGE_STANDARD = "gnu++20";
				CLANG_ENABLE_MODULES = YES;
				CLANG_ENABLE_OBJC_ARC = YES;
				CLANG_ENABLE_OBJC_WEAK = YES;
				CLANG_WARN_BLOCK_CAPTURE_AUTORELEASING = YES;
				CLANG_WARN_BOOL_CONVERSION = YES;
				CLANG_WARN_COMMA = YES;
				CLANG_WARN_CONSTANT_CONVERSION = YES;
				CLANG_WARN_DEPRECATED_OBJC_IMPLEMENTATIONS = YES;
				CLANG_WARN_DIRECT_OBJC_ISA_USAGE = YES_ERROR;
				CLANG_WARN_DOCUMENTATION_COMMENTS = YES;
				CLANG_WARN_EMPTY_BODY = YES;
				CLANG_WARN_ENUM_CONVERSION = YES;
				CLANG_WARN_INFINITE_RECURSION = YES;
				CLANG_WARN_INT_CONVERSION = YES;
				CLANG_WARN_NON_LITERAL_NULL_CONVERSION = YES;
				CLANG_WARN_OBJC_IMPLICIT_RETAIN_SELF = YES;
				CLANG_WARN_OBJC_LITERAL_CONVERSION = YES;
				CLANG_WARN_OBJC_ROOT_CLASS = YES_ERROR;
				CLANG_WARN_QUOTED_INCLUDE_IN_FRAMEWORK_HEADER = YES;
				CLANG_WARN_RANGE_LOOP_ANALYSIS = YES;
				CLANG_WARN_STRICT_PROTOTYPES = YES;
				CLANG_WARN_SUSPICIOUS_MOVE = YES;
				CLANG_WARN_UNGUARDED_AVAILABILITY = YES_AGGRESSIVE;
				CLANG_WARN_UNREACHABLE_CODE = YES;
				CLANG_WARN__DUPLICATE_METHOD_MATCH = YES;
				COPY_PHASE_STRIP = NO;
				DEBUG_INFORMATION_FORMAT = dwarf;
				ENABLE_STRICT_OBJC_MSGSEND = YES;
				ENABLE_TESTABILITY = YES;
				ENABLE_USER_SCRIPT_SANDBOXING = YES;
				GCC_C_LANGUAGE_STANDARD = gnu17;
				GCC_DYNAMIC_NO_PIC = NO;
				GCC_NO_COMMON_BLOCKS = YES;
				GCC_OPTIMIZATION_LEVEL = 0;
				GCC_PREPROCESSOR_DEFINITIONS = (
					"DEBUG=1",
					"$(inherited)",
				);
				GCC_WARN_64_TO_32_BIT_CONVERSION = YES;
				GCC_WARN_ABOUT_RETURN_TYPE = YES_ERROR;
				GCC_WARN_UNDECLARED_SELECTOR = YES;
				GCC_WARN_UNINITIALIZED_AUTOS = YES_AGGRESSIVE;
				GCC_WARN_UNUSED_FUNCTION = YES;
				GCC_WARN_UNUSED_VARIABLE = YES;
				IPHONEOS_DEPLOYMENT_TARGET = 18.2;
				LOCALIZATION_PREFERS_STRING_CATALOGS = YES;
				MTL_ENABLE_DEBUG_INFO = INCLUDE_SOURCE;
				MTL_FAST_MATH = YES;
				ONLY_ACTIVE_ARCH = YES;
				SDKROOT = iphoneos;
				SWIFT_ACTIVE_COMPILATION_CONDITIONS = "DEBUG $(inherited)";
				SWIFT_OPTIMIZATION_LEVEL = "-Onone";
			};
			name = Debug;
		};
		E127D8532D4FEF1800903B79 /* Release */ = {
			isa = XCBuildConfiguration;
			buildSettings = {
				ALWAYS_SEARCH_USER_PATHS = NO;
				ASSETCATALOG_COMPILER_GENERATE_SWIFT_ASSET_SYMBOL_EXTENSIONS = YES;
				CLANG_ANALYZER_NONNULL = YES;
				CLANG_ANALYZER_NUMBER_OBJECT_CONVERSION = YES_AGGRESSIVE;
				CLANG_CXX_LANGUAGE_STANDARD = "gnu++20";
				CLANG_ENABLE_MODULES = YES;
				CLANG_ENABLE_OBJC_ARC = YES;
				CLANG_ENABLE_OBJC_WEAK = YES;
				CLANG_WARN_BLOCK_CAPTURE_AUTORELEASING = YES;
				CLANG_WARN_BOOL_CONVERSION = YES;
				CLANG_WARN_COMMA = YES;
				CLANG_WARN_CONSTANT_CONVERSION = YES;
				CLANG_WARN_DEPRECATED_OBJC_IMPLEMENTATIONS = YES;
				CLANG_WARN_DIRECT_OBJC_ISA_USAGE = YES_ERROR;
				CLANG_WARN_DOCUMENTATION_COMMENTS = YES;
				CLANG_WARN_EMPTY_BODY = YES;
				CLANG_WARN_ENUM_CONVERSION = YES;
				CLANG_WARN_INFINITE_RECURSION = YES;
				CLANG_WARN_INT_CONVERSION = YES;
				CLANG_WARN_NON_LITERAL_NULL_CONVERSION = YES;
				CLANG_WARN_OBJC_IMPLICIT_RETAIN_SELF = YES;
				CLANG_WARN_OBJC_LITERAL_CONVERSION = YES;
				CLANG_WARN_OBJC_ROOT_CLASS = YES_ERROR;
				CLANG_WARN_QUOTED_INCLUDE_IN_FRAMEWORK_HEADER = YES;
				CLANG_WARN_RANGE_LOOP_ANALYSIS = YES;
				CLANG_WARN_STRICT_PROTOTYPES = YES;
				CLANG_WARN_SUSPICIOUS_MOVE = YES;
				CLANG_WARN_UNGUARDED_AVAILABILITY = YES_AGGRESSIVE;
				CLANG_WARN_UNREACHABLE_CODE = YES;
				CLANG_WARN__DUPLICATE_METHOD_MATCH = YES;
				COPY_PHASE_STRIP = NO;
				DEBUG_INFORMATION_FORMAT = "dwarf-with-dsym";
				ENABLE_NS_ASSERTIONS = NO;
				ENABLE_STRICT_OBJC_MSGSEND = YES;
				ENABLE_USER_SCRIPT_SANDBOXING = YES;
				GCC_C_LANGUAGE_STANDARD = gnu17;
				GCC_NO_COMMON_BLOCKS = YES;
				GCC_WARN_64_TO_32_BIT_CONVERSION = YES;
				GCC_WARN_ABOUT_RETURN_TYPE = YES_ERROR;
				GCC_WARN_UNDECLARED_SELECTOR = YES;
				GCC_WARN_UNINITIALIZED_AUTOS = YES_AGGRESSIVE;
				GCC_WARN_UNUSED_FUNCTION = YES;
				GCC_WARN_UNUSED_VARIABLE = YES;
				IPHONEOS_DEPLOYMENT_TARGET = 18.2;
				LOCALIZATION_PREFERS_STRING_CATALOGS = YES;
				MTL_ENABLE_DEBUG_INFO = NO;
				MTL_FAST_MATH = YES;
				SDKROOT = iphoneos;
				SWIFT_COMPILATION_MODE = wholemodule;
				VALIDATE_PRODUCT = YES;
			};
			name = Release;
		};
		E127D8552D4FEF1800903B79 /* Debug */ = {
			isa = XCBuildConfiguration;
			buildSettings = {
				ASSETCATALOG_COMPILER_APPICON_NAME = AppIcon;
				ASSETCATALOG_COMPILER_GLOBAL_ACCENT_COLOR_NAME = AccentColor;
				CODE_SIGN_STYLE = Automatic;
				CURRENT_PROJECT_VERSION = 1;
				DEVELOPMENT_ASSET_PATHS = "\"fasting tracker test/Preview Content\"";
				DEVELOPMENT_TEAM = 3Q785C6KRH;
				ENABLE_PREVIEWS = YES;
				GENERATE_INFOPLIST_FILE = YES;
				INFOPLIST_FILE = "fasting-tracker-test-Info.plist";
				INFOPLIST_KEY_CFBundleDisplayName = FastHabbit;
				INFOPLIST_KEY_LSApplicationCategoryType = "public.app-category.lifestyle";
				INFOPLIST_KEY_UIApplicationSceneManifest_Generation = YES;
				INFOPLIST_KEY_UIApplicationSupportsIndirectInputEvents = YES;
				INFOPLIST_KEY_UILaunchScreen_Generation = YES;
				INFOPLIST_KEY_UISupportedInterfaceOrientations = UIInterfaceOrientationPortrait;
				LD_RUNPATH_SEARCH_PATHS = (
					"$(inherited)",
					"@executable_path/Frameworks",
				);
				MARKETING_VERSION = 1.0;
				PRODUCT_BUNDLE_IDENTIFIER = com.fasthabbit;
				PRODUCT_NAME = "$(TARGET_NAME)";
				SWIFT_EMIT_LOC_STRINGS = YES;
				SWIFT_VERSION = 5.0;
				TARGETED_DEVICE_FAMILY = "1,2";
			};
			name = Debug;
		};
		E127D8562D4FEF1800903B79 /* Release */ = {
			isa = XCBuildConfiguration;
			buildSettings = {
				ASSETCATALOG_COMPILER_APPICON_NAME = AppIcon;
				ASSETCATALOG_COMPILER_GLOBAL_ACCENT_COLOR_NAME = AccentColor;
				CODE_SIGN_STYLE = Automatic;
				CURRENT_PROJECT_VERSION = 1;
				DEVELOPMENT_ASSET_PATHS = "\"fasting tracker test/Preview Content\"";
				DEVELOPMENT_TEAM = 3Q785C6KRH;
				ENABLE_PREVIEWS = YES;
				GENERATE_INFOPLIST_FILE = YES;
				INFOPLIST_FILE = "fasting-tracker-test-Info.plist";
				INFOPLIST_KEY_CFBundleDisplayName = FastHabbit;
				INFOPLIST_KEY_LSApplicationCategoryType = "public.app-category.lifestyle";
				INFOPLIST_KEY_UIApplicationSceneManifest_Generation = YES;
				INFOPLIST_KEY_UIApplicationSupportsIndirectInputEvents = YES;
				INFOPLIST_KEY_UILaunchScreen_Generation = YES;
				INFOPLIST_KEY_UISupportedInterfaceOrientations = UIInterfaceOrientationPortrait;
				LD_RUNPATH_SEARCH_PATHS = (
					"$(inherited)",
					"@executable_path/Frameworks",
				);
				MARKETING_VERSION = 1.0;
				PRODUCT_BUNDLE_IDENTIFIER = com.fasthabbit;
				PRODUCT_NAME = "$(TARGET_NAME)";
				SWIFT_EMIT_LOC_STRINGS = YES;
				SWIFT_VERSION = 5.0;
				TARGETED_DEVICE_FAMILY = "1,2";
			};
			name = Release;
		};
		E127D8582D4FEF1800903B79 /* Debug */ = {
			isa = XCBuildConfiguration;
			buildSettings = {
				BUNDLE_LOADER = "$(TEST_HOST)";
				CODE_SIGN_STYLE = Automatic;
				CURRENT_PROJECT_VERSION = 1;
				DEVELOPMENT_TEAM = 3Q785C6KRH;
				GENERATE_INFOPLIST_FILE = YES;
				IPHONEOS_DEPLOYMENT_TARGET = 18.2;
				MARKETING_VERSION = 1.0;
				PRODUCT_BUNDLE_IDENTIFIER = "com.ec22496.fasting-tracker-testTests";
				PRODUCT_NAME = "$(TARGET_NAME)";
				SWIFT_EMIT_LOC_STRINGS = NO;
				SWIFT_VERSION = 5.0;
				TARGETED_DEVICE_FAMILY = "1,2";
				TEST_HOST = "$(BUILT_PRODUCTS_DIR)/FastHabbit.app/$(BUNDLE_EXECUTABLE_FOLDER_PATH)/FastHabbit";
			};
			name = Debug;
		};
		E127D8592D4FEF1800903B79 /* Release */ = {
			isa = XCBuildConfiguration;
			buildSettings = {
				BUNDLE_LOADER = "$(TEST_HOST)";
				CODE_SIGN_STYLE = Automatic;
				CURRENT_PROJECT_VERSION = 1;
				DEVELOPMENT_TEAM = 3Q785C6KRH;
				GENERATE_INFOPLIST_FILE = YES;
				IPHONEOS_DEPLOYMENT_TARGET = 18.2;
				MARKETING_VERSION = 1.0;
				PRODUCT_BUNDLE_IDENTIFIER = "com.ec22496.fasting-tracker-testTests";
				PRODUCT_NAME = "$(TARGET_NAME)";
				SWIFT_EMIT_LOC_STRINGS = NO;
				SWIFT_VERSION = 5.0;
				TARGETED_DEVICE_FAMILY = "1,2";
				TEST_HOST = "$(BUILT_PRODUCTS_DIR)/FastHabbit.app/$(BUNDLE_EXECUTABLE_FOLDER_PATH)/FastHabbit";
			};
			name = Release;
		};
		E127D85B2D4FEF1800903B79 /* Debug */ = {
			isa = XCBuildConfiguration;
			buildSettings = {
				CODE_SIGN_STYLE = Automatic;
				CURRENT_PROJECT_VERSION = 1;
				DEVELOPMENT_TEAM = 3Q785C6KRH;
				GENERATE_INFOPLIST_FILE = YES;
				MARKETING_VERSION = 1.0;
				PRODUCT_BUNDLE_IDENTIFIER = "com.ec22496.fasting-tracker-testUITests";
				PRODUCT_NAME = "$(TARGET_NAME)";
				SWIFT_EMIT_LOC_STRINGS = NO;
				SWIFT_VERSION = 5.0;
				TARGETED_DEVICE_FAMILY = "1,2";
				TEST_TARGET_NAME = "fasting tracker test";
			};
			name = Debug;
		};
		E127D85C2D4FEF1800903B79 /* Release */ = {
			isa = XCBuildConfiguration;
			buildSettings = {
				CODE_SIGN_STYLE = Automatic;
				CURRENT_PROJECT_VERSION = 1;
				DEVELOPMENT_TEAM = 3Q785C6KRH;
				GENERATE_INFOPLIST_FILE = YES;
				MARKETING_VERSION = 1.0;
				PRODUCT_BUNDLE_IDENTIFIER = "com.ec22496.fasting-tracker-testUITests";
				PRODUCT_NAME = "$(TARGET_NAME)";
				SWIFT_EMIT_LOC_STRINGS = NO;
				SWIFT_VERSION = 5.0;
				TARGETED_DEVICE_FAMILY = "1,2";
				TEST_TARGET_NAME = "fasting tracker test";
			};
			name = Release;
		};
/* End XCBuildConfiguration section */

/* Begin XCConfigurationList section */
		E127D82B2D4FEF1500903B79 /* Build configuration list for PBXProject "FastHabbit" */ = {
			isa = XCConfigurationList;
			buildConfigurations = (
				E127D8522D4FEF1800903B79 /* Debug */,
				E127D8532D4FEF1800903B79 /* Release */,
			);
			defaultConfigurationIsVisible = 0;
			defaultConfigurationName = Release;
		};
		E127D8542D4FEF1800903B79 /* Build configuration list for PBXNativeTarget "FastHabbit" */ = {
			isa = XCConfigurationList;
			buildConfigurations = (
				E127D8552D4FEF1800903B79 /* Debug */,
				E127D8562D4FEF1800903B79 /* Release */,
			);
			defaultConfigurationIsVisible = 0;
			defaultConfigurationName = Release;
		};
		E127D8572D4FEF1800903B79 /* Build configuration list for PBXNativeTarget "FastHabbitTests" */ = {
			isa = XCConfigurationList;
			buildConfigurations = (
				E127D8582D4FEF1800903B79 /* Debug */,
				E127D8592D4FEF1800903B79 /* Release */,
			);
			defaultConfigurationIsVisible = 0;
			defaultConfigurationName = Release;
		};
		E127D85A2D4FEF1800903B79 /* Build configuration list for PBXNativeTarget "FastHabbitUITests" */ = {
			isa = XCConfigurationList;
			buildConfigurations = (
				E127D85B2D4FEF1800903B79 /* Debug */,
				E127D85C2D4FEF1800903B79 /* Release */,
			);
			defaultConfigurationIsVisible = 0;
			defaultConfigurationName = Release;
		};
/* End XCConfigurationList section */

/* Begin XCRemoteSwiftPackageReference section */
		E1295AEE2DB31A19007AC62A /* XCRemoteSwiftPackageReference "swiftui-introspect" */ = {
			isa = XCRemoteSwiftPackageReference;
			repositoryURL = "https://github.com/siteline/swiftui-introspect";
			requirement = {
				kind = upToNextMajorVersion;
				minimumVersion = 1.3.0;
			};
		};
		E1D17CF82D5BA7980098FD40 /* XCRemoteSwiftPackageReference "firebase-ios-sdk" */ = {
			isa = XCRemoteSwiftPackageReference;
			repositoryURL = "https://github.com/firebase/firebase-ios-sdk";
			requirement = {
				kind = upToNextMajorVersion;
				minimumVersion = 11.8.1;
			};
		};
/* End XCRemoteSwiftPackageReference section */

/* Begin XCSwiftPackageProductDependency section */
		E1295AEF2DB31A19007AC62A /* SwiftUIIntrospect */ = {
			isa = XCSwiftPackageProductDependency;
			package = E1295AEE2DB31A19007AC62A /* XCRemoteSwiftPackageReference "swiftui-introspect" */;
			productName = SwiftUIIntrospect;
		};
		E1D17CF92D5BA7980098FD40 /* FirebaseAnalyticsWithoutAdIdSupport */ = {
			isa = XCSwiftPackageProductDependency;
			package = E1D17CF82D5BA7980098FD40 /* XCRemoteSwiftPackageReference "firebase-ios-sdk" */;
			productName = FirebaseAnalyticsWithoutAdIdSupport;
		};
		E1D17CFB2D5BA7980098FD40 /* FirebaseAuth */ = {
			isa = XCSwiftPackageProductDependency;
			package = E1D17CF82D5BA7980098FD40 /* XCRemoteSwiftPackageReference "firebase-ios-sdk" */;
			productName = FirebaseAuth;
		};
		E1D17CFD2D5BA7980098FD40 /* FirebaseFirestore */ = {
			isa = XCSwiftPackageProductDependency;
			package = E1D17CF82D5BA7980098FD40 /* XCRemoteSwiftPackageReference "firebase-ios-sdk" */;
			productName = FirebaseFirestore;
		};
		E1D17CFF2D5BA7980098FD40 /* FirebaseStorage */ = {
			isa = XCSwiftPackageProductDependency;
			package = E1D17CF82D5BA7980098FD40 /* XCRemoteSwiftPackageReference "firebase-ios-sdk" */;
			productName = FirebaseStorage;
		};
/* End XCSwiftPackageProductDependency section */
	};
	rootObject = E127D8282D4FEF1400903B79 /* Project object */;
}
